lockfileVersion: '9.0'

settings:
  autoInstallPeers: true
  excludeLinksFromLockfile: false

importers:

  .:
    dependencies:
      pixi.js:
        specifier: ^8.2.3
        version: 8.2.3
    devDependencies:
      '@rsbuild/core':
        specifier: 1.0.0-alpha.7
        version: 1.0.0-alpha.7
      '@types/node':
        specifier: ^20.14.10
        version: 20.14.10

packages:

  '@module-federation/runtime-tools@0.2.3':
    resolution: {integrity: sha512-capN8CVTCEqNAjnl102girrkevczoQfnQYyiYC4WuyKsg7+LUqfirIe1Eiyv6VSE2UgvOTZDnqvervA6rBOlmg==}

  '@module-federation/runtime@0.2.3':
    resolution: {integrity: sha512-N+ZxBUb1mkmfO9XT1BwgYQgShtUTlijHbukqQ4afFka5lRAT+ayC7RKfHJLz0HbuexKPCmPBDfdmCnErR5WyTQ==}

  '@module-federation/sdk@0.2.3':
    resolution: {integrity: sha512-W9zrPchLocyCBc/B8CW21akcfJXLl++9xBe1L1EtgxZGfj/xwHt0GcBWE/y+QGvYTL2a1iZjwscbftbUhxgxXg==}

  '@module-federation/webpack-bundler-runtime@0.2.3':
    resolution: {integrity: sha512-L/jt2uJ+8dwYiyn9GxryzDR6tr/Wk8rpgvelM2EBeLIhu7YxCHSmSjQYhw3BTux9zZIr47d1K9fGjBFsVRd/SQ==}

  '@pixi/colord@2.9.6':
    resolution: {integrity: sha512-nezytU2pw587fQstUu1AsJZDVEynjskwOL+kibwcdxsMBFqPsFFNA7xl0ii/gXuDi6M0xj3mfRJj8pBSc2jCfA==}

  '@rsbuild/core@1.0.0-alpha.7':
    resolution: {integrity: sha512-SKn9uqRbSeXq92KAB4imBF70yEPAe5if4QMeKyNUn2p6st9z035H5rYqxF7ZdODbKIK4SKyHfGSrGGPyJrsOtw==}
    engines: {node: '>=16.7.0'}
    hasBin: true

  '@rspack/binding-darwin-arm64@1.0.0-alpha.2':
    resolution: {integrity: sha512-TPxUVWQKLS65erwi5BW5h5/LtaQt2ieXViLXrVCMzAohewkBrrrnwYOGI19KAoXIiX3G9nWf0M7g3Cgqfw5CxQ==}
    cpu: [arm64]
    os: [darwin]

  '@rspack/binding-darwin-x64@1.0.0-alpha.2':
    resolution: {integrity: sha512-Rue3q4i4JSTRXGb6RabqJtEYjZwpgWGyq/eoytYe+Gtjwun4hIEGPbw8fmuk+dmvl52B+LgyMw994Irxt0t9RQ==}
    cpu: [x64]
    os: [darwin]

  '@rspack/binding-linux-arm64-gnu@1.0.0-alpha.2':
    resolution: {integrity: sha512-a3F6rjsegVnaNUz9EbE8ojj/puBcMvjLTz94sv8W+KVlKrefOLOHFRqUh1ZQd50+X8wlYKh9YrtXqVm/BiprnQ==}
    cpu: [arm64]
    os: [linux]

  '@rspack/binding-linux-arm64-musl@1.0.0-alpha.2':
    resolution: {integrity: sha512-jdXTZDI4i1WVVlTfUb2y5OfVyB13nPWIONhkLxHuetIJURoLJVUEqqigEB5Xa9TM1LaZi8rhxs62+Cou4gUZ+A==}
    cpu: [arm64]
    os: [linux]

  '@rspack/binding-linux-x64-gnu@1.0.0-alpha.2':
    resolution: {integrity: sha512-dA+DVgN5dt1h+toOjEwQhRFhaoBpOsui50cXOZ99TvP5h99g52Dk4in5VG3W7jWYpvfMAQWISjGW+9znwzpWXQ==}
    cpu: [x64]
    os: [linux]

  '@rspack/binding-linux-x64-musl@1.0.0-alpha.2':
    resolution: {integrity: sha512-SoGloDsN/D/aN8d72iMsXJJC/pOj06McVnPodLpNzcRy+kMFo+N+BzTtziXYKjxqQFHtXd3MvuJMLjJDh+jSQw==}
    cpu: [x64]
    os: [linux]

  '@rspack/binding-win32-arm64-msvc@1.0.0-alpha.2':
    resolution: {integrity: sha512-2SYQQc/Oo31lwMJhFMjAwl3Fbr2Esy0p8O7Gnlo1wkttNCWa4UEBoyhL6sh0is4rcLYj9OcI9mLBXYSnISEtTQ==}
    cpu: [arm64]
    os: [win32]

  '@rspack/binding-win32-ia32-msvc@1.0.0-alpha.2':
    resolution: {integrity: sha512-1+LutdpPU/qU3pogi6B2A0GBIuuiK++FYMvuUlyc4dQyi2UQ2n9ICt6g1tw26BMJRAXeQlkLsihm4fRex3LnMA==}
    cpu: [ia32]
    os: [win32]

  '@rspack/binding-win32-x64-msvc@1.0.0-alpha.2':
    resolution: {integrity: sha512-GtZgFMSuAQWr3tvQv7/WwQAKZGSKyh7G2DMfdtRK36yYW13jxidAxZGeULWlAYjrBlEVCeZH7pxEU8tSQPF6WA==}
    cpu: [x64]
    os: [win32]

  '@rspack/binding@1.0.0-alpha.2':
    resolution: {integrity: sha512-1akICB3skW+kemHJ2GHlvykTom3qpywPDd8i38Bs2LfN16oqxgVtbvyCEWe4InhsYP/QadzDQqtAdt21Babavw==}

  '@rspack/core@1.0.0-alpha.2':
    resolution: {integrity: sha512-YQLxjnR9IoHjjZWaJrjWaTrJLjgsXPHX6XHo9MVK6KeqE6sLJc9bl2gF88KLS5d/OM6GBTY1y63doLQUOe99cQ==}
    engines: {node: '>=16.0.0'}
    peerDependencies:
      '@swc/helpers': '>=0.5.1'
    peerDependenciesMeta:
      '@swc/helpers':
        optional: true

  '@rspack/lite-tapable@1.0.0-alpha.2':
    resolution: {integrity: sha512-SYrWNryAkjBmjF+u1G2jqVkFrH8c+mui2QJJRA9e/UK+xz0l6+9e+CjP3taiT2YYmB3wc1pSUqJZFB9FZViRog==}
    engines: {node: '>=16.0.0'}

  '@swc/helpers@0.5.11':
    resolution: {integrity: sha512-YNlnKRWF2sVojTpIyzwou9XoTNbzbzONwRhOoniEioF1AtaitTvVZblaQRrAzChWQ1bLYyYSWzM18y4WwgzJ+A==}

  '@types/css-font-loading-module@0.0.12':
    resolution: {integrity: sha512-x2tZZYkSxXqWvTDgveSynfjq/T2HyiZHXb00j/+gy19yp70PHCizM48XFdjBCWH7eHBD0R5i/pw9yMBP/BH5uA==}

  '@types/earcut@2.1.4':
    resolution: {integrity: sha512-qp3m9PPz4gULB9MhjGID7wpo3gJ4bTGXm7ltNDsmOvsPduTeHp8wSW9YckBj3mljeOh4F0m2z/0JKAALRKbmLQ==}

  '@types/node@20.14.10':
    resolution: {integrity: sha512-MdiXf+nDuMvY0gJKxyfZ7/6UFsETO7mGKF54MVD/ekJS6HdFtpZFBgrh6Pseu64XTb2MLyFPlbW6hj8HYRQNOQ==}

  '@webgpu/types@0.1.43':
    resolution: {integrity: sha512-HoP+d+m+Kuq8CsE63BZ3+BYBKAemrqbHUNrCalxrUju5XW+q/094Q3oeIa+2pTraEbO8ckJmGpibzyGT4OV4YQ==}

  '@xmldom/xmldom@0.8.10':
    resolution: {integrity: sha512-2WALfTl4xo2SkGCYRt6rDTFfk9R1czmBvUQy12gK2KuRKIpWEhcbbzy8EZXtz/jkRqHX8bFEc6FC1HjX4TUWYw==}
    engines: {node: '>=10.0.0'}

  caniuse-lite@1.0.30001641:
    resolution: {integrity: sha512-Phv5thgl67bHYo1TtMY/MurjkHhV4EDaCosezRXgZ8jzA/Ub+wjxAvbGvjoFENStinwi5kCyOYV3mi5tOGykwA==}

  core-js@3.37.1:
    resolution: {integrity: sha512-Xn6qmxrQZyB0FFY8E3bgRXei3lWDJHhvI+u0q9TKIYM49G8pAr0FgnnrFRAmsbptZL1yxRADVXn+x5AGsbBfyw==}

  earcut@2.2.4:
    resolution: {integrity: sha512-/pjZsA1b4RPHbeWZQn66SWS8nZZWLQQ23oE3Eam7aroEFGEvwKAsJfZ9ytiEMycfzXWpca4FA9QIOehf7PocBQ==}

  eventemitter3@5.0.1:
    resolution: {integrity: sha512-GWkBvjiSZK87ELrYOSESUYeVIc9mvLLf/nXalMOS5dYrgZq9o5OVkbZAVM06CVxYsCwH9BDZFPlQTlPA1j4ahA==}

  fsevents@2.3.3:
    resolution: {integrity: sha512-5xoDfX+fL7faATnagmWPpbFtwh/R77WmMMqqHGS65C3vvB0YHrgF+B1YmZ3441tMj5n63k0212XNoJwzlhffQw==}
    engines: {node: ^8.16.0 || ^10.6.0 || >=11.0.0}
    os: [darwin]

  html-rspack-plugin@6.0.0-beta.5:
    resolution: {integrity: sha512-UzgniuWQ5Nr/8bf09tT+m9RHHrFD4USc1533okdVfZrtSbyVOdFu1G2UzcXZf0yD0IqJAQJsbRrND0+T4bgciQ==}
    engines: {node: '>=10.13.0'}
    peerDependencies:
      '@rspack/core': 0.x || 1.x
    peerDependenciesMeta:
      '@rspack/core':
        optional: true

  ismobilejs@1.1.1:
    resolution: {integrity: sha512-VaFW53yt8QO61k2WJui0dHf4SlL8lxBofUuUmwBo0ljPk0Drz2TiuDW4jo3wDcv41qy/SxrJ+VAzJ/qYqsmzRw==}

  nanoid@3.3.7:
    resolution: {integrity: sha512-eSRppjcPIatRIMC1U6UngP8XFcz8MQWGQdt1MTBQ7NaAmvXDfvNxbvWV3x2y6CdEUciCSsDHDQZbhYaB8QEo2g==}
    engines: {node: ^10 || ^12 || ^13.7 || ^14 || >=15.0.1}
    hasBin: true

  parse-svg-path@0.1.2:
    resolution: {integrity: sha512-JyPSBnkTJ0AI8GGJLfMXvKq42cj5c006fnLz6fXy6zfoVjJizi8BNTpu8on8ziI1cKy9d9DGNuY17Ce7wuejpQ==}

  picocolors@1.0.1:
    resolution: {integrity: sha512-anP1Z8qwhkbmu7MFP5iTt+wQKXgwzf7zTyGlcdzabySa9vd0Xt392U0rVmz9poOaBj0uHJKyyo9/upk0HrEQew==}

  pixi.js@8.2.3:
    resolution: {integrity: sha512-5L/qE0txJay1/7rjxwtIr7Y5Tbas6OQX4VYzvXrwmQn0q1KE2RTKHKHwgwcKd12s9US716EvV2PJg4fNhg129A==}

  postcss@8.4.39:
    resolution: {integrity: sha512-0vzE+lAiG7hZl1/9I8yzKLx3aR9Xbof3fBHKunvMfOCYAtMhrsnccJY2iTURb9EZd5+pLuiNV9/c/GZJOHsgIw==}
    engines: {node: ^10 || ^12 || >=14}

  source-map-js@1.2.0:
    resolution: {integrity: sha512-itJW8lvSA0TXEphiRoawsCksnlf8SyvmFzIhltqAHluXd88pkCd+cXJVHTDwdCr0IzwptSm035IHQktUu1QUMg==}
    engines: {node: '>=0.10.0'}

  tslib@2.6.3:
    resolution: {integrity: sha512-xNvxJEOUiWPGhUuUdQgAJPKOOJfGnIyKySOc09XkKsgdUV/3E2zvwZYdejjmRgPCgcym1juLH3226yA7sEFJKQ==}

  undici-types@5.26.5:
    resolution: {integrity: sha512-JlCMO+ehdEIKqlFxk6IfVoAUVmgz7cU7zD/h9XZ0qzeosSHmUJVOzSQvvYSYWXkFXC+IfLKSIffhv0sVZup6pA==}

snapshots:

  '@module-federation/runtime-tools@0.2.3':
    dependencies:
      '@module-federation/runtime': 0.2.3
      '@module-federation/webpack-bundler-runtime': 0.2.3

  '@module-federation/runtime@0.2.3':
    dependencies:
      '@module-federation/sdk': 0.2.3

  '@module-federation/sdk@0.2.3': {}

  '@module-federation/webpack-bundler-runtime@0.2.3':
    dependencies:
      '@module-federation/runtime': 0.2.3
      '@module-federation/sdk': 0.2.3

  '@pixi/colord@2.9.6': {}

  '@rsbuild/core@1.0.0-alpha.7':
    dependencies:
      '@rspack/core': 1.0.0-alpha.2(@swc/helpers@0.5.11)
      '@swc/helpers': 0.5.11
      caniuse-lite: 1.0.30001641
      core-js: 3.37.1
      html-rspack-plugin: 6.0.0-beta.5(@rspack/core@1.0.0-alpha.2(@swc/helpers@0.5.11))
      postcss: 8.4.39
    optionalDependencies:
      fsevents: 2.3.3

  '@rspack/binding-darwin-arm64@1.0.0-alpha.2':
    optional: true

  '@rspack/binding-darwin-x64@1.0.0-alpha.2':
    optional: true

  '@rspack/binding-linux-arm64-gnu@1.0.0-alpha.2':
    optional: true

  '@rspack/binding-linux-arm64-musl@1.0.0-alpha.2':
    optional: true

  '@rspack/binding-linux-x64-gnu@1.0.0-alpha.2':
    optional: true

  '@rspack/binding-linux-x64-musl@1.0.0-alpha.2':
    optional: true

  '@rspack/binding-win32-arm64-msvc@1.0.0-alpha.2':
    optional: true

  '@rspack/binding-win32-ia32-msvc@1.0.0-alpha.2':
    optional: true

  '@rspack/binding-win32-x64-msvc@1.0.0-alpha.2':
    optional: true

  '@rspack/binding@1.0.0-alpha.2':
    optionalDependencies:
      '@rspack/binding-darwin-arm64': 1.0.0-alpha.2
      '@rspack/binding-darwin-x64': 1.0.0-alpha.2
      '@rspack/binding-linux-arm64-gnu': 1.0.0-alpha.2
      '@rspack/binding-linux-arm64-musl': 1.0.0-alpha.2
      '@rspack/binding-linux-x64-gnu': 1.0.0-alpha.2
      '@rspack/binding-linux-x64-musl': 1.0.0-alpha.2
      '@rspack/binding-win32-arm64-msvc': 1.0.0-alpha.2
      '@rspack/binding-win32-ia32-msvc': 1.0.0-alpha.2
      '@rspack/binding-win32-x64-msvc': 1.0.0-alpha.2

  '@rspack/core@1.0.0-alpha.2(@swc/helpers@0.5.11)':
    dependencies:
      '@module-federation/runtime-tools': 0.2.3
      '@rspack/binding': 1.0.0-alpha.2
      '@rspack/lite-tapable': 1.0.0-alpha.2
      caniuse-lite: 1.0.30001641
    optionalDependencies:
      '@swc/helpers': 0.5.11

  '@rspack/lite-tapable@1.0.0-alpha.2': {}

  '@swc/helpers@0.5.11':
    dependencies:
      tslib: 2.6.3

  '@types/css-font-loading-module@0.0.12': {}

  '@types/earcut@2.1.4': {}

  '@types/node@20.14.10':
    dependencies:
      undici-types: 5.26.5

  '@webgpu/types@0.1.43': {}

  '@xmldom/xmldom@0.8.10': {}

  caniuse-lite@1.0.30001641: {}

  core-js@3.37.1: {}

  earcut@2.2.4: {}

  eventemitter3@5.0.1: {}

  fsevents@2.3.3:
    optional: true

  html-rspack-plugin@6.0.0-beta.5(@rspack/core@1.0.0-alpha.2(@swc/helpers@0.5.11)):
    dependencies:
      '@rspack/lite-tapable': 1.0.0-alpha.2
    optionalDependencies:
      '@rspack/core': 1.0.0-alpha.2(@swc/helpers@0.5.11)

  ismobilejs@1.1.1: {}

  nanoid@3.3.7: {}

  parse-svg-path@0.1.2: {}

  picocolors@1.0.1: {}

  pixi.js@8.2.3:
    dependencies:
      '@pixi/colord': 2.9.6
      '@types/css-font-loading-module': 0.0.12
      '@types/earcut': 2.1.4
      '@webgpu/types': 0.1.43
      '@xmldom/xmldom': 0.8.10
      earcut: 2.2.4
      eventemitter3: 5.0.1
      ismobilejs: 1.1.1
      parse-svg-path: 0.1.2

  postcss@8.4.39:
    dependencies:
      nanoid: 3.3.7
      picocolors: 1.0.1
      source-map-js: 1.2.0

  source-map-js@1.2.0: {}

  tslib@2.6.3: {}

  undici-types@5.26.5: {}
